// !$*UTF8*$!
{
	archiveVersion = 1;
	classes = {
	};
	objectVersion = 51;
	objects = {

/* Begin PBXBuildFile section */
		1BCC0FD1B2BEDFD9835853F2 /* libPods-data-visualization.a in Frameworks */ = {isa = PBXBuildFile; fileRef = E5802612323FF864F0D2A489 /* libPods-data-visualization.a */; };
		8C1DCD3B24D8E6FD0038AA20 /* data_visualizationApp.swift in Sources */ = {isa = PBXBuildFile; fileRef = 8C1DCD3A24D8E6FD0038AA20 /* data_visualizationApp.swift */; };
		8C1DCD3D24D8E6FD0038AA20 /* ContentView.swift in Sources */ = {isa = PBXBuildFile; fileRef = 8C1DCD3C24D8E6FD0038AA20 /* ContentView.swift */; };
		8C1DCD3F24D8E7000038AA20 /* Assets.xcassets in Resources */ = {isa = PBXBuildFile; fileRef = 8C1DCD3E24D8E7000038AA20 /* Assets.xcassets */; };
		8C1DCD4224D8E7000038AA20 /* Preview Assets.xcassets in Resources */ = {isa = PBXBuildFile; fileRef = 8C1DCD4124D8E7000038AA20 /* Preview Assets.xcassets */; };
		8C4C0DE6255D2754005AE8CB /* style.data in Resources */ = {isa = PBXBuildFile; fileRef = 8C4C0DE3255D2754005AE8CB /* style.data */; };
		8C4C0DE7255D2754005AE8CB /* style_extra.data in Resources */ = {isa = PBXBuildFile; fileRef = 8C4C0DE4255D2754005AE8CB /* style_extra.data */; };
		8C4C0DE8255D2754005AE8CB /* textures.zip in Resources */ = {isa = PBXBuildFile; fileRef = 8C4C0DE5255D2754005AE8CB /* textures.zip */; };
/* End PBXBuildFile section */

/* Begin PBXFileReference section */
		202D0A8652ECE9CBD69C9532 /* Pods-data-visualization.release.xcconfig */ = {isa = PBXFileReference; includeInIndex = 1; lastKnownFileType = text.xcconfig; name = "Pods-data-visualization.release.xcconfig"; path = "Target Support Files/Pods-data-visualization/Pods-data-visualization.release.xcconfig"; sourceTree = "<group>"; };
		6C19B30BE05022AC2A576FDB /* Pods-data-visualization.debug.xcconfig */ = {isa = PBXFileReference; includeInIndex = 1; lastKnownFileType = text.xcconfig; name = "Pods-data-visualization.debug.xcconfig"; path = "Target Support Files/Pods-data-visualization/Pods-data-visualization.debug.xcconfig"; sourceTree = "<group>"; };
		8C1DCD3724D8E6FD0038AA20 /* data-visualization.app */ = {isa = PBXFileReference; explicitFileType = wrapper.application; includeInIndex = 0; path = "data-visualization.app"; sourceTree = BUILT_PRODUCTS_DIR; };
		8C1DCD3A24D8E6FD0038AA20 /* data_visualizationApp.swift */ = {isa = PBXFileReference; lastKnownFileType = sourcecode.swift; path = data_visualizationApp.swift; sourceTree = "<group>"; };
		8C1DCD3C24D8E6FD0038AA20 /* ContentView.swift */ = {isa = PBXFileReference; lastKnownFileType = sourcecode.swift; path = ContentView.swift; sourceTree = "<group>"; };
		8C1DCD3E24D8E7000038AA20 /* Assets.xcassets */ = {isa = PBXFileReference; lastKnownFileType = folder.assetcatalog; path = Assets.xcassets; sourceTree = "<group>"; };
		8C1DCD4124D8E7000038AA20 /* Preview Assets.xcassets */ = {isa = PBXFileReference; lastKnownFileType = folder.assetcatalog; path = "Preview Assets.xcassets"; sourceTree = "<group>"; };
		8C1DCD4324D8E7000038AA20 /* Info.plist */ = {isa = PBXFileReference; lastKnownFileType = text.plist.xml; path = Info.plist; sourceTree = "<group>"; };
		8C4C0DE3255D2754005AE8CB /* style.data */ = {isa = PBXFileReference; lastKnownFileType = file; path = style.data; sourceTree = "<group>"; };
		8C4C0DE4255D2754005AE8CB /* style_extra.data */ = {isa = PBXFileReference; lastKnownFileType = file; path = style_extra.data; sourceTree = "<group>"; };
		8C4C0DE5255D2754005AE8CB /* textures.zip */ = {isa = PBXFileReference; lastKnownFileType = archive.zip; path = textures.zip; sourceTree = "<group>"; };
		E5802612323FF864F0D2A489 /* libPods-data-visualization.a */ = {isa = PBXFileReference; explicitFileType = archive.ar; includeInIndex = 0; path = "libPods-data-visualization.a"; sourceTree = BUILT_PRODUCTS_DIR; };
/* End PBXFileReference section */

/* Begin PBXFrameworksBuildPhase section */
		8C1DCD3424D8E6FD0038AA20 /* Frameworks */ = {
			isa = PBXFrameworksBuildPhase;
			buildActionMask = 2147483647;
			files = (
				1BCC0FD1B2BEDFD9835853F2 /* libPods-data-visualization.a in Frameworks */,
			);
			runOnlyForDeploymentPostprocessing = 0;
		};
/* End PBXFrameworksBuildPhase section */

/* Begin PBXGroup section */
		15EB0FA2F5E1DEF7EAF2A2FB /* Pods */ = {
			isa = PBXGroup;
			children = (
				6C19B30BE05022AC2A576FDB /* Pods-data-visualization.debug.xcconfig */,
				202D0A8652ECE9CBD69C9532 /* Pods-data-visualization.release.xcconfig */,
			);
			path = Pods;
			sourceTree = "<group>";
		};
		3F66DCE83C1C0AE5B0DB21D0 /* Frameworks */ = {
			isa = PBXGroup;
			children = (
				E5802612323FF864F0D2A489 /* libPods-data-visualization.a */,
			);
			name = Frameworks;
			sourceTree = "<group>";
		};
		8C1DCD2E24D8E6FD0038AA20 = {
			isa = PBXGroup;
			children = (
				8C1DCD3924D8E6FD0038AA20 /* data-visualization */,
				8C1DCD3824D8E6FD0038AA20 /* Products */,
				15EB0FA2F5E1DEF7EAF2A2FB /* Pods */,
				3F66DCE83C1C0AE5B0DB21D0 /* Frameworks */,
			);
			sourceTree = "<group>";
		};
		8C1DCD3824D8E6FD0038AA20 /* Products */ = {
			isa = PBXGroup;
			children = (
				8C1DCD3724D8E6FD0038AA20 /* data-visualization.app */,
			);
			name = Products;
			sourceTree = "<group>";
		};
		8C1DCD3924D8E6FD0038AA20 /* data-visualization */ = {
			isa = PBXGroup;
			children = (
				8C4C0DD5255D1D9E005AE8CB /* mapStyle */,
				8C1DCD3A24D8E6FD0038AA20 /* data_visualizationApp.swift */,
				8C1DCD3C24D8E6FD0038AA20 /* ContentView.swift */,
				8C1DCD3E24D8E7000038AA20 /* Assets.xcassets */,
				8C1DCD4324D8E7000038AA20 /* Info.plist */,
				8C1DCD4024D8E7000038AA20 /* Preview Content */,
			);
			path = "data-visualization";
			sourceTree = "<group>";
		};
		8C1DCD4024D8E7000038AA20 /* Preview Content */ = {
			isa = PBXGroup;
			children = (
				8C1DCD4124D8E7000038AA20 /* Preview Assets.xcassets */,
			);
			path = "Preview Content";
			sourceTree = "<group>";
		};
		8C4C0DD5255D1D9E005AE8CB /* mapStyle */ = {
			isa = PBXGroup;
			children = (
				8C4C0DE4255D2754005AE8CB /* style_extra.data */,
				8C4C0DE3255D2754005AE8CB /* style.data */,
				8C4C0DE5255D2754005AE8CB /* textures.zip */,
			);
			path = mapStyle;
			sourceTree = "<group>";
		};
/* End PBXGroup section */

/* Begin PBXNativeTarget section */
		8C1DCD3624D8E6FD0038AA20 /* data-visualization */ = {
			isa = PBXNativeTarget;
			buildConfigurationList = 8C1DCD4624D8E7000038AA20 /* Build configuration list for PBXNativeTarget "data-visualization" */;
			buildPhases = (
				13105CDB3D730C1118062377 /* [CP] Check Pods Manifest.lock */,
				8C1DCD3324D8E6FD0038AA20 /* Sources */,
				8C1DCD3424D8E6FD0038AA20 /* Frameworks */,
				8C1DCD3524D8E6FD0038AA20 /* Resources */,
				7AF6ABF5E236F70C6EA8BB7E /* [CP] Copy Pods Resources */,
			);
			buildRules = (
			);
			dependencies = (
			);
			name = "data-visualization";
			productName = "data-visualization";
			productReference = 8C1DCD3724D8E6FD0038AA20 /* data-visualization.app */;
			productType = "com.apple.product-type.application";
		};
/* End PBXNativeTarget section */

/* Begin PBXProject section */
		8C1DCD2F24D8E6FD0038AA20 /* Project object */ = {
			isa = PBXProject;
			attributes = {
				LastSwiftUpdateCheck = 1200;
				LastUpgradeCheck = 1200;
				TargetAttributes = {
					8C1DCD3624D8E6FD0038AA20 = {
						CreatedOnToolsVersion = 12.0;
					};
				};
			};
			buildConfigurationList = 8C1DCD3224D8E6FD0038AA20 /* Build configuration list for PBXProject "data-visualization" */;
			compatibilityVersion = "Xcode 9.3";
			developmentRegion = en;
			hasScannedForEncodings = 0;
			knownRegions = (
				en,
				Base,
			);
			mainGroup = 8C1DCD2E24D8E6FD0038AA20;
			productRefGroup = 8C1DCD3824D8E6FD0038AA20 /* Products */;
			projectDirPath = "";
			projectRoot = "";
			targets = (
				8C1DCD3624D8E6FD0038AA20 /* data-visualization */,
			);
		};
/* End PBXProject section */

/* Begin PBXResourcesBuildPhase section */
		8C1DCD3524D8E6FD0038AA20 /* Resources */ = {
			isa = PBXResourcesBuildPhase;
			buildActionMask = 2147483647;
			files = (
				8C4C0DE7255D2754005AE8CB /* style_extra.data in Resources */,
				8C4C0DE6255D2754005AE8CB /* style.data in Resources */,
				8C1DCD4224D8E7000038AA20 /* Preview Assets.xcassets in Resources */,
				8C1DCD3F24D8E7000038AA20 /* Assets.xcassets in Resources */,
				8C4C0DE8255D2754005AE8CB /* textures.zip in Resources */,
			);
			runOnlyForDeploymentPostprocessing = 0;
		};
/* End PBXResourcesBuildPhase section */

/* Begin PBXShellScriptBuildPhase section */
		13105CDB3D730C1118062377 /* [CP] Check Pods Manifest.lock */ = {
			isa = PBXShellScriptBuildPhase;
			buildActionMask = 2147483647;
			files = (
			);
			inputFileListPaths = (
			);
			inputPaths = (
				"${PODS_PODFILE_DIR_PATH}/Podfile.lock",
				"${PODS_ROOT}/Manifest.lock",
			);
			name = "[CP] Check Pods Manifest.lock";
			outputFileListPaths = (
			);
			outputPaths = (
				"$(DERIVED_FILE_DIR)/Pods-data-visualization-checkManifestLockResult.txt",
			);
			runOnlyForDeploymentPostprocessing = 0;
			shellPath = /bin/sh;
			shellScript = "diff \"${PODS_PODFILE_DIR_PATH}/Podfile.lock\" \"${PODS_ROOT}/Manifest.lock\" > /dev/null\nif [ $? != 0 ] ; then\n    # print error to STDERR\n    echo \"error: The sandbox is not in sync with the Podfile.lock. Run 'pod install' or update your CocoaPods installation.\" >&2\n    exit 1\nfi\n# This output is used by Xcode 'outputs' to avoid re-running this script phase.\necho \"SUCCESS\" > \"${SCRIPT_OUTPUT_FILE_0}\"\n";
			showEnvVarsInLog = 0;
		};
		7AF6ABF5E236F70C6EA8BB7E /* [CP] Copy Pods Resources */ = {
			isa = PBXShellScriptBuildPhase;
			buildActionMask = 2147483647;
			files = (
			);
			inputFileListPaths = (
				"${PODS_ROOT}/Target Support Files/Pods-data-visualization/Pods-data-visualization-resources-${CONFIGURATION}-input-files.xcfilelist",
			);
			name = "[CP] Copy Pods Resources";
			outputFileListPaths = (
				"${PODS_ROOT}/Target Support Files/Pods-data-visualization/Pods-data-visualization-resources-${CONFIGURATION}-output-files.xcfilelist",
			);
			runOnlyForDeploymentPostprocessing = 0;
			shellPath = /bin/sh;
			shellScript = "\"${PODS_ROOT}/Target Support Files/Pods-data-visualization/Pods-data-visualization-resources.sh\"\n";
			showEnvVarsInLog = 0;
		};
/* End PBXShellScriptBuildPhase section */

/* Begin PBXSourcesBuildPhase section */
		8C1DCD3324D8E6FD0038AA20 /* Sources */ = {
			isa = PBXSourcesBuildPhase;
			buildActionMask = 2147483647;
			files = (
				8C1DCD3D24D8E6FD0038AA20 /* ContentView.swift in Sources */,
				8C1DCD3B24D8E6FD0038AA20 /* data_visualizationApp.swift in Sources */,
			);
			runOnlyForDeploymentPostprocessing = 0;
		};
/* End PBXSourcesBuildPhase section */

/* Begin XCBuildConfiguration section */
		8C1DCD4424D8E7000038AA20 /* Debug */ = {
			isa = XCBuildConfiguration;
			buildSettings = {
				ALWAYS_SEARCH_USER_PATHS = NO;
				CLANG_ANALYZER_NONNULL = YES;
				CLANG_ANALYZER_NUMBER_OBJECT_CONVERSION = YES_AGGRESSIVE;
				CLANG_CXX_LANGUAGE_STANDARD = "gnu++14";
				CLANG_CXX_LIBRARY = "libc++";
				CLANG_ENABLE_MODULES = YES;
				CLANG_ENABLE_OBJC_ARC = YES;
				CLANG_ENABLE_OBJC_WEAK = YES;
				CLANG_WARN_BLOCK_CAPTURE_AUTORELEASING = YES;
				CLANG_WARN_BOOL_CONVERSION = YES;
				CLANG_WARN_COMMA = YES;
				CLANG_WARN_CONSTANT_CONVERSION = YES;
				CLANG_WARN_DEPRECATED_OBJC_IMPLEMENTATIONS = YES;
				CLANG_WARN_DIRECT_OBJC_ISA_USAGE = YES_ERROR;
				CLANG_WARN_DOCUMENTATION_COMMENTS = YES;
				CLANG_WARN_EMPTY_BODY = YES;
				CLANG_WARN_ENUM_CONVERSION = YES;
				CLANG_WARN_INFINITE_RECURSION = YES;
				CLANG_WARN_INT_CONVERSION = YES;
				CLANG_WARN_NON_LITERAL_NULL_CONVERSION = YES;
				CLANG_WARN_OBJC_IMPLICIT_RETAIN_SELF = YES;
				CLANG_WARN_OBJC_LITERAL_CONVERSION = YES;
				CLANG_WARN_OBJC_ROOT_CLASS = YES_ERROR;
				CLANG_WARN_QUOTED_INCLUDE_IN_FRAMEWORK_HEADER = YES;
				CLANG_WARN_RANGE_LOOP_ANALYSIS = YES;
				CLANG_WARN_STRICT_PROTOTYPES = YES;
				CLANG_WARN_SUSPICIOUS_MOVE = YES;
				CLANG_WARN_UNGUARDED_AVAILABILITY = YES_AGGRESSIVE;
				CLANG_WARN_UNREACHABLE_CODE = YES;
				CLANG_WARN__DUPLICATE_METHOD_MATCH = YES;
				COPY_PHASE_STRIP = NO;
				DEBUG_INFORMATION_FORMAT = dwarf;
				ENABLE_STRICT_OBJC_MSGSEND = YES;
				ENABLE_TESTABILITY = YES;
				GCC_C_LANGUAGE_STANDARD = gnu11;
				GCC_DYNAMIC_NO_PIC = NO;
				GCC_NO_COMMON_BLOCKS = YES;
				GCC_OPTIMIZATION_LEVEL = 0;
				GCC_PREPROCESSOR_DEFINITIONS = (
					"DEBUG=1",
					"$(inherited)",
				);
				GCC_WARN_64_TO_32_BIT_CONVERSION = YES;
				GCC_WARN_ABOUT_RETURN_TYPE = YES_ERROR;
				GCC_WARN_UNDECLARED_SELECTOR = YES;
				GCC_WARN_UNINITIALIZED_AUTOS = YES_AGGRESSIVE;
				GCC_WARN_UNUSED_FUNCTION = YES;
				GCC_WARN_UNUSED_VARIABLE = YES;
				IPHONEOS_DEPLOYMENT_TARGET = 14.0;
				MTL_ENABLE_DEBUG_INFO = INCLUDE_SOURCE;
				MTL_FAST_MATH = YES;
				ONLY_ACTIVE_ARCH = YES;
				SDKROOT = iphoneos;
				SWIFT_ACTIVE_COMPILATION_CONDITIONS = DEBUG;
				SWIFT_OPTIMIZATION_LEVEL = "-Onone";
			};
			name = Debug;
		};
		8C1DCD4524D8E7000038AA20 /* Release */ = {
			isa = XCBuildConfiguration;
			buildSettings = {
				ALWAYS_SEARCH_USER_PATHS = NO;
				CLANG_ANALYZER_NONNULL = YES;
				CLANG_ANALYZER_NUMBER_OBJECT_CONVERSION = YES_AGGRESSIVE;
				CLANG_CXX_LANGUAGE_STANDARD = "gnu++14";
				CLANG_CXX_LIBRARY = "libc++";
				CLANG_ENABLE_MODULES = YES;
				CLANG_ENABLE_OBJC_ARC = YES;
				CLANG_ENABLE_OBJC_WEAK = YES;
				CLANG_WARN_BLOCK_CAPTURE_AUTORELEASING = YES;
				CLANG_WARN_BOOL_CONVERSION = YES;
				CLANG_WARN_COMMA = YES;
				CLANG_WARN_CONSTANT_CONVERSION = YES;
				CLANG_WARN_DEPRECATED_OBJC_IMPLEMENTATIONS = YES;
				CLANG_WARN_DIRECT_OBJC_ISA_USAGE = YES_ERROR;
				CLANG_WARN_DOCUMENTATION_COMMENTS = YES;
				CLANG_WARN_EMPTY_BODY = YES;
				CLANG_WARN_ENUM_CONVERSION = YES;
				CLANG_WARN_INFINITE_RECURSION = YES;
				CLANG_WARN_INT_CONVERSION = YES;
				CLANG_WARN_NON_LITERAL_NULL_CONVERSION = YES;
				CLANG_WARN_OBJC_IMPLICIT_RETAIN_SELF = YES;
				CLANG_WARN_OBJC_LITERAL_CONVERSION = YES;
				CLANG_WARN_OBJC_ROOT_CLASS = YES_ERROR;
				CLANG_WARN_QUOTED_INCLUDE_IN_FRAMEWORK_HEADER = YES;
				CLANG_WARN_RANGE_LOOP_ANALYSIS = YES;
				CLANG_WARN_STRICT_PROTOTYPES = YES;
				CLANG_WARN_SUSPICIOUS_MOVE = YES;
				CLANG_WARN_UNGUARDED_AVAILABILITY = YES_AGGRESSIVE;
				CLANG_WARN_UNREACHABLE_CODE = YES;
				CLANG_WARN__DUPLICATE_METHOD_MATCH = YES;
				COPY_PHASE_STRIP = NO;
				DEBUG_INFORMATION_FORMAT = "dwarf-with-dsym";
				ENABLE_NS_ASSERTIONS = NO;
				ENABLE_STRICT_OBJC_MSGSEND = YES;
				GCC_C_LANGUAGE_STANDARD = gnu11;
				GCC_NO_COMMON_BLOCKS = YES;
				GCC_WARN_64_TO_32_BIT_CONVERSION = YES;
				GCC_WARN_ABOUT_RETURN_TYPE = YES_ERROR;
				GCC_WARN_UNDECLARED_SELECTOR = YES;
				GCC_WARN_UNINITIALIZED_AUTOS = YES_AGGRESSIVE;
				GCC_WARN_UNUSED_FUNCTION = YES;
				GCC_WARN_UNUSED_VARIABLE = YES;
				IPHONEOS_DEPLOYMENT_TARGET = 14.0;
				MTL_ENABLE_DEBUG_INFO = NO;
				MTL_FAST_MATH = YES;
				SDKROOT = iphoneos;
				SWIFT_COMPILATION_MODE = wholemodule;
				SWIFT_OPTIMIZATION_LEVEL = "-O";
				VALIDATE_PRODUCT = YES;
			};
			name = Release;
		};
		8C1DCD4724D8E7000038AA20 /* Debug */ = {
			isa = XCBuildConfiguration;
			baseConfigurationReference = 6C19B30BE05022AC2A576FDB /* Pods-data-visualization.debug.xcconfig */;
			buildSettings = {
				ASSETCATALOG_COMPILER_APPICON_NAME = AppIcon;
				ASSETCATALOG_COMPILER_GLOBAL_ACCENT_COLOR_NAME = AccentColor;
				CODE_SIGN_STYLE = Automatic;
				DEVELOPMENT_ASSET_PATHS = "\"data-visualization/Preview Content\"";
				DEVELOPMENT_TEAM = Y8Q8XLQ36F;
				ENABLE_PREVIEWS = YES;
				INFOPLIST_FILE = "data-visualization/Info.plist";
				IPHONEOS_DEPLOYMENT_TARGET = 14.0;
				LD_RUNPATH_SEARCH_PATHS = (
					"$(inherited)",
					"@executable_path/Frameworks",
				);
				PRODUCT_BUNDLE_IDENTIFIER = "com.Ricardo.data-visualization";
				PRODUCT_NAME = "$(TARGET_NAME)";
				SWIFT_OBJC_BRIDGING_HEADER = "Swift-Bridging-Header.h";
				SWIFT_VERSION = 5.0;
				TARGETED_DEVICE_FAMILY = "1,2";
			};
			name = Debug;
		};
		8C1DCD4824D8E7000038AA20 /* Release */ = {
			isa = XCBuildConfiguration;
			baseConfigurationReference = 202D0A8652ECE9CBD69C9532 /* Pods-data-visualization.release.xcconfig */;
			buildSettings = {
				ASSETCATALOG_COMPILER_APPICON_NAME = AppIcon;
				ASSETCATALOG_COMPILER_GLOBAL_ACCENT_COLOR_NAME = AccentColor;
				CODE_SIGN_STYLE = Automatic;
				DEVELOPMENT_ASSET_PATHS = "\"data-visualization/Preview Content\"";
				DEVELOPMENT_TEAM = Y8Q8XLQ36F;
				ENABLE_PREVIEWS = YES;
				INFOPLIST_FILE = "data-visualization/Info.plist";
				IPHONEOS_DEPLOYMENT_TARGET = 14.0;
				LD_RUNPATH_SEARCH_PATHS = (
					"$(inherited)",
					"@executable_path/Frameworks",
				);
				PRODUCT_BUNDLE_IDENTIFIER = "com.Ricardo.data-visualization";
				PRODUCT_NAME = "$(TARGET_NAME)";
				SWIFT_OBJC_BRIDGING_HEADER = "Swift-Bridging-Header.h";
				SWIFT_VERSION = 5.0;
				TARGETED_DEVICE_FAMILY = "1,2";
			};
			name = Release;
		};
/* End XCBuildConfiguration section */

/* Begin XCConfigurationList section */
		8C1DCD3224D8E6FD0038AA20 /* Build configuration list for PBXProject "data-visualization" */ = {
			isa = XCConfigurationList;
			buildConfigurations = (
				8C1DCD4424D8E7000038AA20 /* Debug */,
				8C1DCD4524D8E7000038AA20 /* Release */,
			);
			defaultConfigurationIsVisible = 0;
			defaultConfigurationName = Release;
		};
		8C1DCD4624D8E7000038AA20 /* Build configuration list for PBXNativeTarget "data-visualization" */ = {
			isa = XCConfigurationList;
			buildConfigurations = (
				8C1DCD4724D8E7000038AA20 /* Debug */,
				8C1DCD4824D8E7000038AA20 /* Release */,
			);
			defaultConfigurationIsVisible = 0;
			defaultConfigurationName = Release;
		};
/* End XCConfigurationList section */
	};
	rootObject = 8C1DCD2F24D8E6FD0038AA20 /* Project object */;
}
